
Microsoft Visual Studio Solution File, Format Version 12.00
# Visual Studio Version 17
VisualStudioVersion = 17.8.34330.188
MinimumVisualStudioVersion = 10.0.40219.1
Project("{2150E333-8FDC-42A3-9474-1A3956D46DE8}") = "01.WhiteHat.Api", "01.WhiteHat.Api", "{24CAC54B-BF00-4E82-BF7C-67027654ED28}"
EndProject
Project("{2150E333-8FDC-42A3-9474-1A3956D46DE8}") = "04.WhiteHat.Share", "04.WhiteHat.Share", "{A553E405-4EC1-4EEE-B5A6-8691027AFF88}"
EndProject
Project("{2150E333-8FDC-42A3-9474-1A3956D46DE8}") = "03.WhiteHat.Ui.Models", "03.WhiteHat.Ui.Models", "{0422CDD5-EF00-4125-9EA3-AD95F44DB668}"
EndProject
Project("{2150E333-8FDC-42A3-9474-1A3956D46DE8}") = "02.WhiteHat.Web", "02.WhiteHat.Web", "{B740AD85-B893-487E-A70C-D4AB23FFA582}"
EndProject
Project("{2150E333-8FDC-42A3-9474-1A3956D46DE8}") = "05.WhiteHat.Common", "05.WhiteHat.Common", "{365FE7A6-4811-4DA5-A665-80178261002B}"
EndProject
Project("{2150E333-8FDC-42A3-9474-1A3956D46DE8}") = "Api", "Api", "{9211DCAF-747E-4865-B8DE-65521C522846}"
EndProject
Project("{2150E333-8FDC-42A3-9474-1A3956D46DE8}") = "Data", "Data", "{6EB1519A-606F-46BC-9A6F-74816CE78B2A}"
EndProject
Project("{2150E333-8FDC-42A3-9474-1A3956D46DE8}") = "Data-Models", "Data-Models", "{2E026C9E-D8E5-49A8-A565-8B8E0E82ACD0}"
EndProject
Project("{2150E333-8FDC-42A3-9474-1A3956D46DE8}") = "MediatR", "MediatR", "{DE30C635-FE54-49B4-A2AC-1AD3C772370D}"
EndProject
Project("{9A19103F-16F7-4668-BE54-9A1E7A4F7556}") = "WhiteHat.Api", "WhiteHat.Api\WhiteHat.Api.csproj", "{30231D1A-2EFB-48A9-9F36-3F4787FD59A1}"
EndProject
Project("{9A19103F-16F7-4668-BE54-9A1E7A4F7556}") = "WhiteHat.Models", "WhiteHat.Models\WhiteHat.Models.csproj", "{9E08CAF2-F251-4231-85D3-1E1D3CFA3B53}"
EndProject
Project("{9A19103F-16F7-4668-BE54-9A1E7A4F7556}") = "WhiteHat.Data", "WhiteHat.Data\WhiteHat.Data.csproj", "{3FC6C096-7986-46FC-AF3E-A0E23999A354}"
EndProject
Project("{9A19103F-16F7-4668-BE54-9A1E7A4F7556}") = "WhiteHat.MediatR", "WhiteHat.MediatR\WhiteHat.MediatR.csproj", "{05E0C3E5-E71B-4CC0-B79E-1555741E2BD9}"
EndProject
Project("{FAE04EC0-301F-11D3-BF4B-00C04F79EFBC}") = "WhiteHat.Common", "WhiteHat.Common\WhiteHat.Common.csproj", "{71B867F2-1470-46F5-97E5-004CB7724694}"
EndProject
Project("{FAE04EC0-301F-11D3-BF4B-00C04F79EFBC}") = "WhiteHat.Ui.Models", "WhiteHat.Ui.Models\WhiteHat.Ui.Models.csproj", "{460699A7-6715-4501-96CC-0E2533D926D9}"
EndProject
Global
	GlobalSection(SolutionConfigurationPlatforms) = preSolution
		Debug|Any CPU = Debug|Any CPU
		Release|Any CPU = Release|Any CPU
	EndGlobalSection
	GlobalSection(ProjectConfigurationPlatforms) = postSolution
		{30231D1A-2EFB-48A9-9F36-3F4787FD59A1}.Debug|Any CPU.ActiveCfg = Debug|Any CPU
		{30231D1A-2EFB-48A9-9F36-3F4787FD59A1}.Debug|Any CPU.Build.0 = Debug|Any CPU
		{30231D1A-2EFB-48A9-9F36-3F4787FD59A1}.Release|Any CPU.ActiveCfg = Release|Any CPU
		{30231D1A-2EFB-48A9-9F36-3F4787FD59A1}.Release|Any CPU.Build.0 = Release|Any CPU
		{9E08CAF2-F251-4231-85D3-1E1D3CFA3B53}.Debug|Any CPU.ActiveCfg = Debug|Any CPU
		{9E08CAF2-F251-4231-85D3-1E1D3CFA3B53}.Debug|Any CPU.Build.0 = Debug|Any CPU
		{9E08CAF2-F251-4231-85D3-1E1D3CFA3B53}.Release|Any CPU.ActiveCfg = Release|Any CPU
		{9E08CAF2-F251-4231-85D3-1E1D3CFA3B53}.Release|Any CPU.Build.0 = Release|Any CPU
		{3FC6C096-7986-46FC-AF3E-A0E23999A354}.Debug|Any CPU.ActiveCfg = Debug|Any CPU
		{3FC6C096-7986-46FC-AF3E-A0E23999A354}.Debug|Any CPU.Build.0 = Debug|Any CPU
		{3FC6C096-7986-46FC-AF3E-A0E23999A354}.Release|Any CPU.ActiveCfg = Release|Any CPU
		{3FC6C096-7986-46FC-AF3E-A0E23999A354}.Release|Any CPU.Build.0 = Release|Any CPU
		{05E0C3E5-E71B-4CC0-B79E-1555741E2BD9}.Debug|Any CPU.ActiveCfg = Debug|Any CPU
		{05E0C3E5-E71B-4CC0-B79E-1555741E2BD9}.Debug|Any CPU.Build.0 = Debug|Any CPU
		{05E0C3E5-E71B-4CC0-B79E-1555741E2BD9}.Release|Any CPU.ActiveCfg = Release|Any CPU
		{05E0C3E5-E71B-4CC0-B79E-1555741E2BD9}.Release|Any CPU.Build.0 = Release|Any CPU
		{71B867F2-1470-46F5-97E5-004CB7724694}.Debug|Any CPU.ActiveCfg = Debug|Any CPU
		{71B867F2-1470-46F5-97E5-004CB7724694}.Debug|Any CPU.Build.0 = Debug|Any CPU
		{71B867F2-1470-46F5-97E5-004CB7724694}.Release|Any CPU.ActiveCfg = Release|Any CPU
		{71B867F2-1470-46F5-97E5-004CB7724694}.Release|Any CPU.Build.0 = Release|Any CPU
		{460699A7-6715-4501-96CC-0E2533D926D9}.Debug|Any CPU.ActiveCfg = Debug|Any CPU
		{460699A7-6715-4501-96CC-0E2533D926D9}.Debug|Any CPU.Build.0 = Debug|Any CPU
		{460699A7-6715-4501-96CC-0E2533D926D9}.Release|Any CPU.ActiveCfg = Release|Any CPU
		{460699A7-6715-4501-96CC-0E2533D926D9}.Release|Any CPU.Build.0 = Release|Any CPU
	EndGlobalSection
	GlobalSection(SolutionProperties) = preSolution
		HideSolutionNode = FALSE
	EndGlobalSection
	GlobalSection(NestedProjects) = preSolution
		{9211DCAF-747E-4865-B8DE-65521C522846} = {24CAC54B-BF00-4E82-BF7C-67027654ED28}
		{6EB1519A-606F-46BC-9A6F-74816CE78B2A} = {24CAC54B-BF00-4E82-BF7C-67027654ED28}
		{2E026C9E-D8E5-49A8-A565-8B8E0E82ACD0} = {24CAC54B-BF00-4E82-BF7C-67027654ED28}
		{DE30C635-FE54-49B4-A2AC-1AD3C772370D} = {24CAC54B-BF00-4E82-BF7C-67027654ED28}
		{30231D1A-2EFB-48A9-9F36-3F4787FD59A1} = {9211DCAF-747E-4865-B8DE-65521C522846}
		{9E08CAF2-F251-4231-85D3-1E1D3CFA3B53} = {2E026C9E-D8E5-49A8-A565-8B8E0E82ACD0}
		{3FC6C096-7986-46FC-AF3E-A0E23999A354} = {6EB1519A-606F-46BC-9A6F-74816CE78B2A}
		{05E0C3E5-E71B-4CC0-B79E-1555741E2BD9} = {DE30C635-FE54-49B4-A2AC-1AD3C772370D}
		{71B867F2-1470-46F5-97E5-004CB7724694} = {365FE7A6-4811-4DA5-A665-80178261002B}
		{460699A7-6715-4501-96CC-0E2533D926D9} = {0422CDD5-EF00-4125-9EA3-AD95F44DB668}
	EndGlobalSection
	GlobalSection(ExtensibilityGlobals) = postSolution
		SolutionGuid = {5E0CA066-CE6B-40AB-993B-0FA1160F5790}
	EndGlobalSection
EndGlobal
