
Microsoft Visual Studio Solution File, Format Version 12.00
# Visual Studio Version 17
VisualStudioVersion = 17.8.34330.188
MinimumVisualStudioVersion = 10.0.40219.1
Project("{FAE04EC0-301F-11D3-BF4B-00C04F79EFBC}") = "WhiteHatengineering-UI", "WhiteHatengineering\WhiteHatengineering-UI.csproj", "{293DDF33-9FA9-4B47-ACCD-264A53B59D18}"
EndProject
Project("{FAE04EC0-301F-11D3-BF4B-00C04F79EFBC}") = "WhiteHatengineering-API", "WhiteHatengineering-API\WhiteHatengineering-API.csproj", "{FC64F39F-7BF9-4DB1-A90A-D12A19D41265}"
EndProject
Global
	GlobalSection(SolutionConfigurationPlatforms) = preSolution
		Debug|Any CPU = Debug|Any CPU
		Release|Any CPU = Release|Any CPU
	EndGlobalSection
	GlobalSection(ProjectConfigurationPlatforms) = postSolution
		{293DDF33-9FA9-4B47-ACCD-264A53B59D18}.Debug|Any CPU.ActiveCfg = Debug|Any CPU
		{293DDF33-9FA9-4B47-ACCD-264A53B59D18}.Debug|Any CPU.Build.0 = Debug|Any CPU
		{293DDF33-9FA9-4B47-ACCD-264A53B59D18}.Release|Any CPU.ActiveCfg = Release|Any CPU
		{293DDF33-9FA9-4B47-ACCD-264A53B59D18}.Release|Any CPU.Build.0 = Release|Any CPU
		{FC64F39F-7BF9-4DB1-A90A-D12A19D41265}.Debug|Any CPU.ActiveCfg = Debug|Any CPU
		{FC64F39F-7BF9-4DB1-A90A-D12A19D41265}.Debug|Any CPU.Build.0 = Debug|Any CPU
		{FC64F39F-7BF9-4DB1-A90A-D12A19D41265}.Release|Any CPU.ActiveCfg = Release|Any CPU
		{FC64F39F-7BF9-4DB1-A90A-D12A19D41265}.Release|Any CPU.Build.0 = Release|Any CPU
	EndGlobalSection
	GlobalSection(SolutionProperties) = preSolution
		HideSolutionNode = FALSE
	EndGlobalSection
	GlobalSection(ExtensibilityGlobals) = postSolution
		SolutionGuid = {5E0CA066-CE6B-40AB-993B-0FA1160F5790}
	EndGlobalSection
EndGlobal
